# This file was autogenerated by Stack.
# You should not edit this file by hand.
# For more information, please see the documentation at:
#   https://docs.haskellstack.org/en/stable/lock_files

packages:
- completed:
    hackage: amazonka-1.6.1@sha256:f58b63e83876f93aa03c54e54b3eb8ba9358af93819d41f4a5a8f8b7d8b8399c,3544
    pantry-tree:
      size: 992
      sha256: d792656a70ee42df262a599bc6608bda069e33092d665c3438a6eeeaf7db4fb2
  original:
    hackage: amazonka-1.6.1@sha256:f58b63e83876f93aa03c54e54b3eb8ba9358af93819d41f4a5a8f8b7d8b8399c,3544
- completed:
    hackage: unliftio-core-0.1.2.0@sha256:b0a7652ffce2284a6cebe05c99eb60573a8fb6631163f34b0b30a80b4a78cb23,1081
    pantry-tree:
      size: 328
      sha256: 9d970bf5f98e68e8fc129b04d6c9d8eb1e641c7556ffd0f0a168a259335b6fd7
  original:
    hackage: unliftio-core-0.1.2.0@sha256:b0a7652ffce2284a6cebe05c99eb60573a8fb6631163f34b0b30a80b4a78cb23,1081
- completed:
    size: 62505
    url: https://github.com/codedownio/hs-webdriver/archive/96400ea0ba6ef118033d6a727ef4f57c31a187ca.tar.gz
    name: webdriver
    version: 0.9.0.1
    sha256: 94996b934b1b20926e9277438cf144c725db518cb2f8ec21de83df9621c04a06
    pantry-tree:
      size: 2934
      sha256: ed9af2f807e88ba033a28f02de751ada83bf7a24309b6259d8cbba084edfc526
  original:
    url: https://github.com/codedownio/hs-webdriver/archive/96400ea0ba6ef118033d6a727ef4f57c31a187ca.tar.gz
- completed:
    size: 5616
    url: https://github.com/Simspace/ekg-prometheus-adapter/archive/ea798a02cee0f6aa011eccd730a3d78ecd6491d1.tar.gz
    name: ekg-prometheus-adapter
    version: 0.1.0.4
    sha256: ea98c6c0c166ea9ccbb11774825c17379fa85fd5d859602031da11710f8c6708
    pantry-tree:
      size: 504
      sha256: 39fd081c4969b837d20e8985f43b3a0a92ac0183f1407d78f96c45c25b4b2589
  original:
    url: https://github.com/Simspace/ekg-prometheus-adapter/archive/ea798a02cee0f6aa011eccd730a3d78ecd6491d1.tar.gz
- completed:
    size: 170068
    url: https://github.com/Simspace/ekg-wai/archive/1fc13cdcb18eecf0f97eadab4f9344beaa3a81de.tar.gz
    name: ekg-wai
    version: 0.1.0.3
    sha256: c88e47c221cab0b91e0a695fcc8453cddcf2527c7ffe70bee9ff081730efb043
    pantry-tree:
      size: 1445
      sha256: 25d2542bff91dc4c3ffe597f535a0e2763fc2d7c566f353e8166dd965492df0c
  original:
    url: https://github.com/Simspace/ekg-wai/archive/1fc13cdcb18eecf0f97eadab4f9344beaa3a81de.tar.gz
snapshots:
- completed:
    size: 586069
    url: https://raw.githubusercontent.com/commercialhaskell/stackage-snapshots/master/lts/18/14.yaml
    sha256: 87842ecbaa8ca9cee59a7e6be52369dbed82ed075cb4e0d152614a627e8fd488
  original: lts-18.14
